{
  "originHash" : "4db718c343e37c4ee0498fb8b2e7512cc5da7fd050fd6e990860a4dde22f31f4",
  "pins" : [
    {
      "identity" : "cocoaasyncsocket",
      "kind" : "remoteSourceControl",
      "location" : "https://github.com/robbiehanson/CocoaAsyncSocket",
      "state" : {
        "revision" : "dbdc00669c1ced63b27c3c5f052ee4d28f10150c",
        "version" : "7.6.5"
      }
    }
  ],
  "version" : 3
}
